
Microsoft Visual Studio Solution File, Format Version 12.00
# Visual Studio 15
VisualStudioVersion = 15.0.28307.705
MinimumVisualStudioVersion = 10.0.40219.1
Project("{8BC9CEB8-8B4A-11D0-8D11-00A0C91BC942}") = "Stresstest", "Stresstest\Stresstest.vcxproj", "{22F9B54C-9F2F-465E-962A-40E58072B0D1}"
EndProject
Global
	GlobalSection(SolutionConfigurationPlatforms) = preSolution
		Debug|x64 = Debug|x64
		Debug|x86 = Debug|x86
		Release|x64 = Release|x64
		Release|x86 = Release|x86
	EndGlobalSection
	GlobalSection(ProjectConfigurationPlatforms) = postSolution
		{22F9B54C-9F2F-465E-962A-40E58072B0D1}.Debug|x64.ActiveCfg = Debug|x64
		{22F9B54C-9F2F-465E-962A-40E58072B0D1}.Debug|x64.Build.0 = Debug|x64
		{22F9B54C-9F2F-465E-962A-40E58072B0D1}.Debug|x86.ActiveCfg = Debug|Win32
		{22F9B54C-9F2F-465E-962A-40E58072B0D1}.Debug|x86.Build.0 = Debug|Win32
		{22F9B54C-9F2F-465E-962A-40E58072B0D1}.Release|x64.ActiveCfg = Release|x64
		{22F9B54C-9F2F-465E-962A-40E58072B0D1}.Release|x64.Build.0 = Release|x64
		{22F9B54C-9F2F-465E-962A-40E58072B0D1}.Release|x86.ActiveCfg = Release|Win32
		{22F9B54C-9F2F-465E-962A-40E58072B0D1}.Release|x86.Build.0 = Release|Win32
	EndGlobalSection
	GlobalSection(SolutionProperties) = preSolution
		HideSolutionNode = FALSE
	EndGlobalSection
	GlobalSection(ExtensibilityGlobals) = postSolution
		SolutionGuid = {EF4C7F28-2954-466A-A33F-59EA61796C14}
	EndGlobalSection
EndGlobal
